// !$*UTF8*$!
{
	archiveVersion = 1;
	classes = {
	};
	objectVersion = 77;
	objects = {

/* Begin PBXContainerItemProxy section */
		D65DF4232D7E073600A7EDD3 /* PBXContainerItemProxy */ = {
			isa = PBXContainerItemProxy;
			containerPortal = D65DF40A2D7E073500A7EDD3 /* Project object */;
			proxyType = 1;
			remoteGlobalIDString = D65DF4112D7E073500A7EDD3;
			remoteInfo = LoginPractice;
		};
		D65DF42D2D7E073600A7EDD3 /* PBXContainerItemProxy */ = {
			isa = PBXContainerItemProxy;
			containerPortal = D65DF40A2D7E073500A7EDD3 /* Project object */;
			proxyType = 1;
			remoteGlobalIDString = D65DF4112D7E073500A7EDD3;
			remoteInfo = LoginPractice;
		};
/* End PBXContainerItemProxy section */

/* Begin PBXFileReference section */
		D65DF4122D7E073500A7EDD3 /* LoginPractice.app */ = {isa = PBXFileReference; explicitFileType = wrapper.application; includeInIndex = 0; path = LoginPractice.app; sourceTree = BUILT_PRODUCTS_DIR; };
		D65DF4222D7E073600A7EDD3 /* LoginPracticeTests.xctest */ = {isa = PBXFileReference; explicitFileType = wrapper.cfbundle; includeInIndex = 0; path = LoginPracticeTests.xctest; sourceTree = BUILT_PRODUCTS_DIR; };
		D65DF42C2D7E073600A7EDD3 /* LoginPracticeUITests.xctest */ = {isa = PBXFileReference; explicitFileType = wrapper.cfbundle; includeInIndex = 0; path = LoginPracticeUITests.xctest; sourceTree = BUILT_PRODUCTS_DIR; };
/* End PBXFileReference section */

/* Begin PBXFileSystemSynchronizedRootGroup section */
		D65DF4142D7E073500A7EDD3 /* LoginPractice */ = {
			isa = PBXFileSystemSynchronizedRootGroup;
			path = LoginPractice;
			sourceTree = "<group>";
		};
		D65DF4252D7E073600A7EDD3 /* LoginPracticeTests */ = {
			isa = PBXFileSystemSynchronizedRootGroup;
			path = LoginPracticeTests;
			sourceTree = "<group>";
		};
		D65DF42F2D7E073600A7EDD3 /* LoginPracticeUITests */ = {
			isa = PBXFileSystemSynchronizedRootGroup;
			path = LoginPracticeUITests;
			sourceTree = "<group>";
		};
/* End PBXFileSystemSynchronizedRootGroup section */

/* Begin PBXFrameworksBuildPhase section */
		D65DF40F2D7E073500A7EDD3 /* Frameworks */ = {
			isa = PBXFrameworksBuildPhase;
			buildActionMask = 2147483647;
			files = (
			);
			runOnlyForDeploymentPostprocessing = 0;
		};
		D65DF41F2D7E073600A7EDD3 /* Frameworks */ = {
			isa = PBXFrameworksBuildPhase;
			buildActionMask = 2147483647;
			files = (
			);
			runOnlyForDeploymentPostprocessing = 0;
		};
		D65DF4292D7E073600A7EDD3 /* Frameworks */ = {
			isa = PBXFrameworksBuildPhase;
			buildActionMask = 2147483647;
			files = (
			);
			runOnlyForDeploymentPostprocessing = 0;
		};
/* End PBXFrameworksBuildPhase section */

/* Begin PBXGroup section */
		D65DF4092D7E073500A7EDD3 = {
			isa = PBXGroup;
			children = (
				D65DF4142D7E073500A7EDD3 /* LoginPractice */,
				D65DF4252D7E073600A7EDD3 /* LoginPracticeTests */,
				D65DF42F2D7E073600A7EDD3 /* LoginPracticeUITests */,
				D65DF4132D7E073500A7EDD3 /* Products */,
			);
			sourceTree = "<group>";
		};
		D65DF4132D7E073500A7EDD3 /* Products */ = {
			isa = PBXGroup;
			children = (
				D65DF4122D7E073500A7EDD3 /* LoginPractice.app */,
				D65DF4222D7E073600A7EDD3 /* LoginPracticeTests.xctest */,
				D65DF42C2D7E073600A7EDD3 /* LoginPracticeUITests.xctest */,
			);
			name = Products;
			sourceTree = "<group>";
		};
/* End PBXGroup section */

/* Begin PBXNativeTarget section */
		D65DF4112D7E073500A7EDD3 /* LoginPractice */ = {
			isa = PBXNativeTarget;
			buildConfigurationList = D65DF4362D7E073600A7EDD3 /* Build configuration list for PBXNativeTarget "LoginPractice" */;
			buildPhases = (
				D65DF40E2D7E073500A7EDD3 /* Sources */,
				D65DF40F2D7E073500A7EDD3 /* Frameworks */,
				D65DF4102D7E073500A7EDD3 /* Resources */,
			);
			buildRules = (
			);
			dependencies = (
			);
			fileSystemSynchronizedGroups = (
				D65DF4142D7E073500A7EDD3 /* LoginPractice */,
			);
			name = LoginPractice;
			packageProductDependencies = (
			);
			productName = LoginPractice;
			productReference = D65DF4122D7E073500A7EDD3 /* LoginPractice.app */;
			productType = "com.apple.product-type.application";
		};
		D65DF4212D7E073600A7EDD3 /* LoginPracticeTests */ = {
			isa = PBXNativeTarget;
			buildConfigurationList = D65DF4392D7E073600A7EDD3 /* Build configuration list for PBXNativeTarget "LoginPracticeTests" */;
			buildPhases = (
				D65DF41E2D7E073600A7EDD3 /* Sources */,
				D65DF41F2D7E073600A7EDD3 /* Frameworks */,
				D65DF4202D7E073600A7EDD3 /* Resources */,
			);
			buildRules = (
			);
			dependencies = (
				D65DF4242D7E073600A7EDD3 /* PBXTargetDependency */,
			);
			fileSystemSynchronizedGroups = (
				D65DF4252D7E073600A7EDD3 /* LoginPracticeTests */,
			);
			name = LoginPracticeTests;
			packageProductDependencies = (
			);
			productName = LoginPracticeTests;
			productReference = D65DF4222D7E073600A7EDD3 /* LoginPracticeTests.xctest */;
			productType = "com.apple.product-type.bundle.unit-test";
		};
		D65DF42B2D7E073600A7EDD3 /* LoginPracticeUITests */ = {
			isa = PBXNativeTarget;
			buildConfigurationList = D65DF43C2D7E073600A7EDD3 /* Build configuration list for PBXNativeTarget "LoginPracticeUITests" */;
			buildPhases = (
				D65DF4282D7E073600A7EDD3 /* Sources */,
				D65DF4292D7E073600A7EDD3 /* Frameworks */,
				D65DF42A2D7E073600A7EDD3 /* Resources */,
			);
			buildRules = (
			);
			dependencies = (
				D65DF42E2D7E073600A7EDD3 /* PBXTargetDependency */,
			);
			fileSystemSynchronizedGroups = (
				D65DF42F2D7E073600A7EDD3 /* LoginPracticeUITests */,
			);
			name = LoginPracticeUITests;
			packageProductDependencies = (
			);
			productName = LoginPracticeUITests;
			productReference = D65DF42C2D7E073600A7EDD3 /* LoginPracticeUITests.xctest */;
			productType = "com.apple.product-type.bundle.ui-testing";
		};
/* End PBXNativeTarget section */

/* Begin PBXProject section */
		D65DF40A2D7E073500A7EDD3 /* Project object */ = {
			isa = PBXProject;
			attributes = {
				BuildIndependentTargetsInParallel = 1;
				LastSwiftUpdateCheck = 1620;
				LastUpgradeCheck = 1620;
				TargetAttributes = {
					D65DF4112D7E073500A7EDD3 = {
						CreatedOnToolsVersion = 16.2;
					};
					D65DF4212D7E073600A7EDD3 = {
						CreatedOnToolsVersion = 16.2;
						TestTargetID = D65DF4112D7E073500A7EDD3;
					};
					D65DF42B2D7E073600A7EDD3 = {
						CreatedOnToolsVersion = 16.2;
						TestTargetID = D65DF4112D7E073500A7EDD3;
					};
				};
			};
			buildConfigurationList = D65DF40D2D7E073500A7EDD3 /* Build configuration list for PBXProject "LoginPractice" */;
			developmentRegion = en;
			hasScannedForEncodings = 0;
			knownRegions = (
				en,
				Base,
			);
			mainGroup = D65DF4092D7E073500A7EDD3;
			minimizedProjectReferenceProxies = 1;
			preferredProjectObjectVersion = 77;
			productRefGroup = D65DF4132D7E073500A7EDD3 /* Products */;
			projectDirPath = "";
			projectRoot = "";
			targets = (
				D65DF4112D7E073500A7EDD3 /* LoginPractice */,
				D65DF4212D7E073600A7EDD3 /* LoginPracticeTests */,
				D65DF42B2D7E073600A7EDD3 /* LoginPracticeUITests */,
			);
		};
/* End PBXProject section */

/* Begin PBXResourcesBuildPhase section */
		D65DF4102D7E073500A7EDD3 /* Resources */ = {
			isa = PBXResourcesBuildPhase;
			buildActionMask = 2147483647;
			files = (
			);
			runOnlyForDeploymentPostprocessing = 0;
		};
		D65DF4202D7E073600A7EDD3 /* Resources */ = {
			isa = PBXResourcesBuildPhase;
			buildActionMask = 2147483647;
			files = (
			);
			runOnlyForDeploymentPostprocessing = 0;
		};
		D65DF42A2D7E073600A7EDD3 /* Resources */ = {
			isa = PBXResourcesBuildPhase;
			buildActionMask = 2147483647;
			files = (
			);
			runOnlyForDeploymentPostprocessing = 0;
		};
/* End PBXResourcesBuildPhase section */

/* Begin PBXSourcesBuildPhase section */
		D65DF40E2D7E073500A7EDD3 /* Sources */ = {
			isa = PBXSourcesBuildPhase;
			buildActionMask = 2147483647;
			files = (
			);
			runOnlyForDeploymentPostprocessing = 0;
		};
		D65DF41E2D7E073600A7EDD3 /* Sources */ = {
			isa = PBXSourcesBuildPhase;
			buildActionMask = 2147483647;
			files = (
			);
			runOnlyForDeploymentPostprocessing = 0;
		};
		D65DF4282D7E073600A7EDD3 /* Sources */ = {
			isa = PBXSourcesBuildPhase;
			buildActionMask = 2147483647;
			files = (
			);
			runOnlyForDeploymentPostprocessing = 0;
		};
/* End PBXSourcesBuildPhase section */

/* Begin PBXTargetDependency section */
		D65DF4242D7E073600A7EDD3 /* PBXTargetDependency */ = {
			isa = PBXTargetDependency;
			target = D65DF4112D7E073500A7EDD3 /* LoginPractice */;
			targetProxy = D65DF4232D7E073600A7EDD3 /* PBXContainerItemProxy */;
		};
		D65DF42E2D7E073600A7EDD3 /* PBXTargetDependency */ = {
			isa = PBXTargetDependency;
			target = D65DF4112D7E073500A7EDD3 /* LoginPractice */;
			targetProxy = D65DF42D2D7E073600A7EDD3 /* PBXContainerItemProxy */;
		};
/* End PBXTargetDependency section */

/* Begin XCBuildConfiguration section */
		D65DF4342D7E073600A7EDD3 /* Debug */ = {
			isa = XCBuildConfiguration;
			buildSettings = {
				ALWAYS_SEARCH_USER_PATHS = NO;
				ASSETCATALOG_COMPILER_GENERATE_SWIFT_ASSET_SYMBOL_EXTENSIONS = YES;
				CLANG_ANALYZER_NONNULL = YES;
				CLANG_ANALYZER_NUMBER_OBJECT_CONVERSION = YES_AGGRESSIVE;
				CLANG_CXX_LANGUAGE_STANDARD = "gnu++20";
				CLANG_ENABLE_MODULES = YES;
				CLANG_ENABLE_OBJC_ARC = YES;
				CLANG_ENABLE_OBJC_WEAK = YES;
				CLANG_WARN_BLOCK_CAPTURE_AUTORELEASING = YES;
				CLANG_WARN_BOOL_CONVERSION = YES;
				CLANG_WARN_COMMA = YES;
				CLANG_WARN_CONSTANT_CONVERSION = YES;
				CLANG_WARN_DEPRECATED_OBJC_IMPLEMENTATIONS = YES;
				CLANG_WARN_DIRECT_OBJC_ISA_USAGE = YES_ERROR;
				CLANG_WARN_DOCUMENTATION_COMMENTS = YES;
				CLANG_WARN_EMPTY_BODY = YES;
				CLANG_WARN_ENUM_CONVERSION = YES;
				CLANG_WARN_INFINITE_RECURSION = YES;
				CLANG_WARN_INT_CONVERSION = YES;
				CLANG_WARN_NON_LITERAL_NULL_CONVERSION = YES;
				CLANG_WARN_OBJC_IMPLICIT_RETAIN_SELF = YES;
				CLANG_WARN_OBJC_LITERAL_CONVERSION = YES;
				CLANG_WARN_OBJC_ROOT_CLASS = YES_ERROR;
				CLANG_WARN_QUOTED_INCLUDE_IN_FRAMEWORK_HEADER = YES;
				CLANG_WARN_RANGE_LOOP_ANALYSIS = YES;
				CLANG_WARN_STRICT_PROTOTYPES = YES;
				CLANG_WARN_SUSPICIOUS_MOVE = YES;
				CLANG_WARN_UNGUARDED_AVAILABILITY = YES_AGGRESSIVE;
				CLANG_WARN_UNREACHABLE_CODE = YES;
				CLANG_WARN__DUPLICATE_METHOD_MATCH = YES;
				COPY_PHASE_STRIP = NO;
				DEBUG_INFORMATION_FORMAT = dwarf;
				ENABLE_STRICT_OBJC_MSGSEND = YES;
				ENABLE_TESTABILITY = YES;
				ENABLE_USER_SCRIPT_SANDBOXING = YES;
				GCC_C_LANGUAGE_STANDARD = gnu17;
				GCC_DYNAMIC_NO_PIC = NO;
				GCC_NO_COMMON_BLOCKS = YES;
				GCC_OPTIMIZATION_LEVEL = 0;
				GCC_PREPROCESSOR_DEFINITIONS = (
					"DEBUG=1",
					"$(inherited)",
				);
				GCC_WARN_64_TO_32_BIT_CONVERSION = YES;
				GCC_WARN_ABOUT_RETURN_TYPE = YES_ERROR;
				GCC_WARN_UNDECLARED_SELECTOR = YES;
				GCC_WARN_UNINITIALIZED_AUTOS = YES_AGGRESSIVE;
				GCC_WARN_UNUSED_FUNCTION = YES;
				GCC_WARN_UNUSED_VARIABLE = YES;
				IPHONEOS_DEPLOYMENT_TARGET = 18.2;
				LOCALIZATION_PREFERS_STRING_CATALOGS = YES;
				MTL_ENABLE_DEBUG_INFO = INCLUDE_SOURCE;
				MTL_FAST_MATH = YES;
				ONLY_ACTIVE_ARCH = YES;
				SDKROOT = iphoneos;
				SWIFT_ACTIVE_COMPILATION_CONDITIONS = "DEBUG $(inherited)";
				SWIFT_OPTIMIZATION_LEVEL = "-Onone";
			};
			name = Debug;
		};
		D65DF4352D7E073600A7EDD3 /* Release */ = {
			isa = XCBuildConfiguration;
			buildSettings = {
				ALWAYS_SEARCH_USER_PATHS = NO;
				ASSETCATALOG_COMPILER_GENERATE_SWIFT_ASSET_SYMBOL_EXTENSIONS = YES;
				CLANG_ANALYZER_NONNULL = YES;
				CLANG_ANALYZER_NUMBER_OBJECT_CONVERSION = YES_AGGRESSIVE;
				CLANG_CXX_LANGUAGE_STANDARD = "gnu++20";
				CLANG_ENABLE_MODULES = YES;
				CLANG_ENABLE_OBJC_ARC = YES;
				CLANG_ENABLE_OBJC_WEAK = YES;
				CLANG_WARN_BLOCK_CAPTURE_AUTORELEASING = YES;
				CLANG_WARN_BOOL_CONVERSION = YES;
				CLANG_WARN_COMMA = YES;
				CLANG_WARN_CONSTANT_CONVERSION = YES;
				CLANG_WARN_DEPRECATED_OBJC_IMPLEMENTATIONS = YES;
				CLANG_WARN_DIRECT_OBJC_ISA_USAGE = YES_ERROR;
				CLANG_WARN_DOCUMENTATION_COMMENTS = YES;
				CLANG_WARN_EMPTY_BODY = YES;
				CLANG_WARN_ENUM_CONVERSION = YES;
				CLANG_WARN_INFINITE_RECURSION = YES;
				CLANG_WARN_INT_CONVERSION = YES;
				CLANG_WARN_NON_LITERAL_NULL_CONVERSION = YES;
				CLANG_WARN_OBJC_IMPLICIT_RETAIN_SELF = YES;
				CLANG_WARN_OBJC_LITERAL_CONVERSION = YES;
				CLANG_WARN_OBJC_ROOT_CLASS = YES_ERROR;
				CLANG_WARN_QUOTED_INCLUDE_IN_FRAMEWORK_HEADER = YES;
				CLANG_WARN_RANGE_LOOP_ANALYSIS = YES;
				CLANG_WARN_STRICT_PROTOTYPES = YES;
				CLANG_WARN_SUSPICIOUS_MOVE = YES;
				CLANG_WARN_UNGUARDED_AVAILABILITY = YES_AGGRESSIVE;
				CLANG_WARN_UNREACHABLE_CODE = YES;
				CLANG_WARN__DUPLICATE_METHOD_MATCH = YES;
				COPY_PHASE_STRIP = NO;
				DEBUG_INFORMATION_FORMAT = "dwarf-with-dsym";
				ENABLE_NS_ASSERTIONS = NO;
				ENABLE_STRICT_OBJC_MSGSEND = YES;
				ENABLE_USER_SCRIPT_SANDBOXING = YES;
				GCC_C_LANGUAGE_STANDARD = gnu17;
				GCC_NO_COMMON_BLOCKS = YES;
				GCC_WARN_64_TO_32_BIT_CONVERSION = YES;
				GCC_WARN_ABOUT_RETURN_TYPE = YES_ERROR;
				GCC_WARN_UNDECLARED_SELECTOR = YES;
				GCC_WARN_UNINITIALIZED_AUTOS = YES_AGGRESSIVE;
				GCC_WARN_UNUSED_FUNCTION = YES;
				GCC_WARN_UNUSED_VARIABLE = YES;
				IPHONEOS_DEPLOYMENT_TARGET = 18.2;
				LOCALIZATION_PREFERS_STRING_CATALOGS = YES;
				MTL_ENABLE_DEBUG_INFO = NO;
				MTL_FAST_MATH = YES;
				SDKROOT = iphoneos;
				SWIFT_COMPILATION_MODE = wholemodule;
				VALIDATE_PRODUCT = YES;
			};
			name = Release;
		};
		D65DF4372D7E073600A7EDD3 /* Debug */ = {
			isa = XCBuildConfiguration;
			buildSettings = {
				ASSETCATALOG_COMPILER_APPICON_NAME = AppIcon;
				ASSETCATALOG_COMPILER_GLOBAL_ACCENT_COLOR_NAME = AccentColor;
				CODE_SIGN_STYLE = Automatic;
				CURRENT_PROJECT_VERSION = 1;
				DEVELOPMENT_ASSET_PATHS = "\"LoginPractice/Preview Content\"";
				ENABLE_PREVIEWS = YES;
				GENERATE_INFOPLIST_FILE = YES;
				INFOPLIST_KEY_UIApplicationSceneManifest_Generation = YES;
				INFOPLIST_KEY_UIApplicationSupportsIndirectInputEvents = YES;
				INFOPLIST_KEY_UILaunchScreen_Generation = YES;
				INFOPLIST_KEY_UISupportedInterfaceOrientations_iPad = "UIInterfaceOrientationPortrait UIInterfaceOrientationPortraitUpsideDown UIInterfaceOrientationLandscapeLeft UIInterfaceOrientationLandscapeRight";
				INFOPLIST_KEY_UISupportedInterfaceOrientations_iPhone = "UIInterfaceOrientationPortrait UIInterfaceOrientationLandscapeLeft UIInterfaceOrientationLandscapeRight";
				LD_RUNPATH_SEARCH_PATHS = (
					"$(inherited)",
					"@executable_path/Frameworks",
				);
				MARKETING_VERSION = 1.0;
				PRODUCT_BUNDLE_IDENTIFIER = io.hogeunjo.LoginPractice;
				PRODUCT_NAME = "$(TARGET_NAME)";
				SWIFT_EMIT_LOC_STRINGS = YES;
				SWIFT_VERSION = 5.0;
				TARGETED_DEVICE_FAMILY = "1,2";
			};
			name = Debug;
		};
		D65DF4382D7E073600A7EDD3 /* Release */ = {
			isa = XCBuildConfiguration;
			buildSettings = {
				ASSETCATALOG_COMPILER_APPICON_NAME = AppIcon;
				ASSETCATALOG_COMPILER_GLOBAL_ACCENT_COLOR_NAME = AccentColor;
				CODE_SIGN_STYLE = Automatic;
				CURRENT_PROJECT_VERSION = 1;
				DEVELOPMENT_ASSET_PATHS = "\"LoginPractice/Preview Content\"";
				ENABLE_PREVIEWS = YES;
				GENERATE_INFOPLIST_FILE = YES;
				INFOPLIST_KEY_UIApplicationSceneManifest_Generation = YES;
				INFOPLIST_KEY_UIApplicationSupportsIndirectInputEvents = YES;
				INFOPLIST_KEY_UILaunchScreen_Generation = YES;
				INFOPLIST_KEY_UISupportedInterfaceOrientations_iPad = "UIInterfaceOrientationPortrait UIInterfaceOrientationPortraitUpsideDown UIInterfaceOrientationLandscapeLeft UIInterfaceOrientationLandscapeRight";
				INFOPLIST_KEY_UISupportedInterfaceOrientations_iPhone = "UIInterfaceOrientationPortrait UIInterfaceOrientationLandscapeLeft UIInterfaceOrientationLandscapeRight";
				LD_RUNPATH_SEARCH_PATHS = (
					"$(inherited)",
					"@executable_path/Frameworks",
				);
				MARKETING_VERSION = 1.0;
				PRODUCT_BUNDLE_IDENTIFIER = io.hogeunjo.LoginPractice;
				PRODUCT_NAME = "$(TARGET_NAME)";
				SWIFT_EMIT_LOC_STRINGS = YES;
				SWIFT_VERSION = 5.0;
				TARGETED_DEVICE_FAMILY = "1,2";
			};
			name = Release;
		};
		D65DF43A2D7E073600A7EDD3 /* Debug */ = {
			isa = XCBuildConfiguration;
			buildSettings = {
				BUNDLE_LOADER = "$(TEST_HOST)";
				CODE_SIGN_STYLE = Automatic;
				CURRENT_PROJECT_VERSION = 1;
				GENERATE_INFOPLIST_FILE = YES;
				IPHONEOS_DEPLOYMENT_TARGET = 18.2;
				MARKETING_VERSION = 1.0;
				PRODUCT_BUNDLE_IDENTIFIER = io.hogeunjo.LoginPracticeTests;
				PRODUCT_NAME = "$(TARGET_NAME)";
				SWIFT_EMIT_LOC_STRINGS = NO;
				SWIFT_VERSION = 5.0;
				TARGETED_DEVICE_FAMILY = "1,2";
				TEST_HOST = "$(BUILT_PRODUCTS_DIR)/LoginPractice.app/$(BUNDLE_EXECUTABLE_FOLDER_PATH)/LoginPractice";
			};
			name = Debug;
		};
		D65DF43B2D7E073600A7EDD3 /* Release */ = {
			isa = XCBuildConfiguration;
			buildSettings = {
				BUNDLE_LOADER = "$(TEST_HOST)";
				CODE_SIGN_STYLE = Automatic;
				CURRENT_PROJECT_VERSION = 1;
				GENERATE_INFOPLIST_FILE = YES;
				IPHONEOS_DEPLOYMENT_TARGET = 18.2;
				MARKETING_VERSION = 1.0;
				PRODUCT_BUNDLE_IDENTIFIER = io.hogeunjo.LoginPracticeTests;
				PRODUCT_NAME = "$(TARGET_NAME)";
				SWIFT_EMIT_LOC_STRINGS = NO;
				SWIFT_VERSION = 5.0;
				TARGETED_DEVICE_FAMILY = "1,2";
				TEST_HOST = "$(BUILT_PRODUCTS_DIR)/LoginPractice.app/$(BUNDLE_EXECUTABLE_FOLDER_PATH)/LoginPractice";
			};
			name = Release;
		};
		D65DF43D2D7E073600A7EDD3 /* Debug */ = {
			isa = XCBuildConfiguration;
			buildSettings = {
				CODE_SIGN_STYLE = Automatic;
				CURRENT_PROJECT_VERSION = 1;
				GENERATE_INFOPLIST_FILE = YES;
				MARKETING_VERSION = 1.0;
				PRODUCT_BUNDLE_IDENTIFIER = io.hogeunjo.LoginPracticeUITests;
				PRODUCT_NAME = "$(TARGET_NAME)";
				SWIFT_EMIT_LOC_STRINGS = NO;
				SWIFT_VERSION = 5.0;
				TARGETED_DEVICE_FAMILY = "1,2";
				TEST_TARGET_NAME = LoginPractice;
			};
			name = Debug;
		};
		D65DF43E2D7E073600A7EDD3 /* Release */ = {
			isa = XCBuildConfiguration;
			buildSettings = {
				CODE_SIGN_STYLE = Automatic;
				CURRENT_PROJECT_VERSION = 1;
				GENERATE_INFOPLIST_FILE = YES;
				MARKETING_VERSION = 1.0;
				PRODUCT_BUNDLE_IDENTIFIER = io.hogeunjo.LoginPracticeUITests;
				PRODUCT_NAME = "$(TARGET_NAME)";
				SWIFT_EMIT_LOC_STRINGS = NO;
				SWIFT_VERSION = 5.0;
				TARGETED_DEVICE_FAMILY = "1,2";
				TEST_TARGET_NAME = LoginPractice;
			};
			name = Release;
		};
/* End XCBuildConfiguration section */

/* Begin XCConfigurationList section */
		D65DF40D2D7E073500A7EDD3 /* Build configuration list for PBXProject "LoginPractice" */ = {
			isa = XCConfigurationList;
			buildConfigurations = (
				D65DF4342D7E073600A7EDD3 /* Debug */,
				D65DF4352D7E073600A7EDD3 /* Release */,
			);
			defaultConfigurationIsVisible = 0;
			defaultConfigurationName = Release;
		};
		D65DF4362D7E073600A7EDD3 /* Build configuration list for PBXNativeTarget "LoginPractice" */ = {
			isa = XCConfigurationList;
			buildConfigurations = (
				D65DF4372D7E073600A7EDD3 /* Debug */,
				D65DF4382D7E073600A7EDD3 /* Release */,
			);
			defaultConfigurationIsVisible = 0;
			defaultConfigurationName = Release;
		};
		D65DF4392D7E073600A7EDD3 /* Build configuration list for PBXNativeTarget "LoginPracticeTests" */ = {
			isa = XCConfigurationList;
			buildConfigurations = (
				D65DF43A2D7E073600A7EDD3 /* Debug */,
				D65DF43B2D7E073600A7EDD3 /* Release */,
			);
			defaultConfigurationIsVisible = 0;
			defaultConfigurationName = Release;
		};
		D65DF43C2D7E073600A7EDD3 /* Build configuration list for PBXNativeTarget "LoginPracticeUITests" */ = {
			isa = XCConfigurationList;
			buildConfigurations = (
				D65DF43D2D7E073600A7EDD3 /* Debug */,
				D65DF43E2D7E073600A7EDD3 /* Release */,
			);
			defaultConfigurationIsVisible = 0;
			defaultConfigurationName = Release;
		};
/* End XCConfigurationList section */
	};
	rootObject = D65DF40A2D7E073500A7EDD3 /* Project object */;
}
