// !$*UTF8*$!
{
	archiveVersion = 1;
	classes = {
	};
	objectVersion = 77;
	objects = {

/* Begin PBXBuildFile section */
		D65DF4B22D7F5F5000A7EDD3 /* Secrets.xcconfig in Resources */ = {isa = PBXBuildFile; fileRef = D65DF4B12D7F5F5000A7EDD3 /* Secrets.xcconfig */; };
		D65DF53E2D80B32300A7EDD3 /* KakaoSDK in Frameworks */ = {isa = PBXBuildFile; productRef = D65DF53D2D80B32300A7EDD3 /* KakaoSDK */; };
		D65DF5582D80B70900A7EDD3 /* Preview Assets.xcassets in Resources */ = {isa = PBXBuildFile; fileRef = D65DF5502D80B70900A7EDD3 /* Preview Assets.xcassets */; };
		D65DF5592D80B70900A7EDD3 /* Assets.xcassets in Resources */ = {isa = PBXBuildFile; fileRef = D65DF5522D80B70900A7EDD3 /* Assets.xcassets */; };
		D65DF55B2D80B70900A7EDD3 /* LoginPracticeApp.swift in Sources */ = {isa = PBXBuildFile; fileRef = D65DF5422D80B70900A7EDD3 /* LoginPracticeApp.swift */; };
		D65DF55C2D80B70900A7EDD3 /* KakaoLoginAdapter.swift in Sources */ = {isa = PBXBuildFile; fileRef = D65DF5442D80B70900A7EDD3 /* KakaoLoginAdapter.swift */; };
		D65DF55D2D80B70900A7EDD3 /* AuthManager.swift in Sources */ = {isa = PBXBuildFile; fileRef = D65DF5462D80B70900A7EDD3 /* AuthManager.swift */; };
		D65DF55E2D80B70900A7EDD3 /* KeychainManager.swift in Sources */ = {isa = PBXBuildFile; fileRef = D65DF5472D80B70900A7EDD3 /* KeychainManager.swift */; };
		D65DF55F2D80B70900A7EDD3 /* AuthError.swift in Sources */ = {isa = PBXBuildFile; fileRef = D65DF5492D80B70900A7EDD3 /* AuthError.swift */; };
		D65DF5602D80B70900A7EDD3 /* SocialLoginService.swift in Sources */ = {isa = PBXBuildFile; fileRef = D65DF54B2D80B70900A7EDD3 /* SocialLoginService.swift */; };
		D65DF5612D80B70900A7EDD3 /* SocialLoginType.swift in Sources */ = {isa = PBXBuildFile; fileRef = D65DF54C2D80B70900A7EDD3 /* SocialLoginType.swift */; };
		D65DF5622D80B70900A7EDD3 /* UserInfo.swift in Sources */ = {isa = PBXBuildFile; fileRef = D65DF54E2D80B70900A7EDD3 /* UserInfo.swift */; };
		D65DF5642D80B70900A7EDD3 /* LoginView.swift in Sources */ = {isa = PBXBuildFile; fileRef = D65DF5552D80B70900A7EDD3 /* LoginView.swift */; };
		D65DF5652D80B70900A7EDD3 /* LoginViewModel.swift in Sources */ = {isa = PBXBuildFile; fileRef = D65DF5562D80B70900A7EDD3 /* LoginViewModel.swift */; };
		D65DF5682D80B70E00A7EDD3 /* LoginPracticeTests.swift in Sources */ = {isa = PBXBuildFile; fileRef = D65DF5662D80B70E00A7EDD3 /* LoginPracticeTests.swift */; };
		D65DF56C2D80B71100A7EDD3 /* LoginPracticeUITests.swift in Sources */ = {isa = PBXBuildFile; fileRef = D65DF5692D80B71100A7EDD3 /* LoginPracticeUITests.swift */; };
		D65DF56D2D80B71100A7EDD3 /* LoginPracticeUITestsLaunchTests.swift in Sources */ = {isa = PBXBuildFile; fileRef = D65DF56A2D80B71100A7EDD3 /* LoginPracticeUITestsLaunchTests.swift */; };
		D65DF5702D80BC3F00A7EDD3 /* SocialLoginButton.swift in Sources */ = {isa = PBXBuildFile; fileRef = D65DF56F2D80BC3F00A7EDD3 /* SocialLoginButton.swift */; };
		D65DF5742D80DA5B00A7EDD3 /* UserInfoView.swift in Sources */ = {isa = PBXBuildFile; fileRef = D65DF5732D80DA5B00A7EDD3 /* UserInfoView.swift */; };
/* End PBXBuildFile section */

/* Begin PBXContainerItemProxy section */
		D65DF4232D7E073600A7EDD3 /* PBXContainerItemProxy */ = {
			isa = PBXContainerItemProxy;
			containerPortal = D65DF40A2D7E073500A7EDD3 /* Project object */;
			proxyType = 1;
			remoteGlobalIDString = D65DF4112D7E073500A7EDD3;
			remoteInfo = LoginPractice;
		};
		D65DF42D2D7E073600A7EDD3 /* PBXContainerItemProxy */ = {
			isa = PBXContainerItemProxy;
			containerPortal = D65DF40A2D7E073500A7EDD3 /* Project object */;
			proxyType = 1;
			remoteGlobalIDString = D65DF4112D7E073500A7EDD3;
			remoteInfo = LoginPractice;
		};
/* End PBXContainerItemProxy section */

/* Begin PBXFileReference section */
		D65DF4122D7E073500A7EDD3 /* LoginPractice.app */ = {isa = PBXFileReference; explicitFileType = wrapper.application; includeInIndex = 0; path = LoginPractice.app; sourceTree = BUILT_PRODUCTS_DIR; };
		D65DF4222D7E073600A7EDD3 /* LoginPracticeTests.xctest */ = {isa = PBXFileReference; explicitFileType = wrapper.cfbundle; includeInIndex = 0; path = LoginPracticeTests.xctest; sourceTree = BUILT_PRODUCTS_DIR; };
		D65DF42C2D7E073600A7EDD3 /* LoginPracticeUITests.xctest */ = {isa = PBXFileReference; explicitFileType = wrapper.cfbundle; includeInIndex = 0; path = LoginPracticeUITests.xctest; sourceTree = BUILT_PRODUCTS_DIR; };
		D65DF4B12D7F5F5000A7EDD3 /* Secrets.xcconfig */ = {isa = PBXFileReference; lastKnownFileType = text.xcconfig; path = Secrets.xcconfig; sourceTree = "<group>"; };
		D65DF5422D80B70900A7EDD3 /* LoginPracticeApp.swift */ = {isa = PBXFileReference; lastKnownFileType = sourcecode.swift; path = LoginPracticeApp.swift; sourceTree = "<group>"; };
		D65DF5442D80B70900A7EDD3 /* KakaoLoginAdapter.swift */ = {isa = PBXFileReference; lastKnownFileType = sourcecode.swift; path = KakaoLoginAdapter.swift; sourceTree = "<group>"; };
		D65DF5462D80B70900A7EDD3 /* AuthManager.swift */ = {isa = PBXFileReference; lastKnownFileType = sourcecode.swift; path = AuthManager.swift; sourceTree = "<group>"; };
		D65DF5472D80B70900A7EDD3 /* KeychainManager.swift */ = {isa = PBXFileReference; lastKnownFileType = sourcecode.swift; path = KeychainManager.swift; sourceTree = "<group>"; };
		D65DF5492D80B70900A7EDD3 /* AuthError.swift */ = {isa = PBXFileReference; lastKnownFileType = sourcecode.swift; path = AuthError.swift; sourceTree = "<group>"; };
		D65DF54B2D80B70900A7EDD3 /* SocialLoginService.swift */ = {isa = PBXFileReference; lastKnownFileType = sourcecode.swift; path = SocialLoginService.swift; sourceTree = "<group>"; };
		D65DF54C2D80B70900A7EDD3 /* SocialLoginType.swift */ = {isa = PBXFileReference; lastKnownFileType = sourcecode.swift; path = SocialLoginType.swift; sourceTree = "<group>"; };
		D65DF54E2D80B70900A7EDD3 /* UserInfo.swift */ = {isa = PBXFileReference; lastKnownFileType = sourcecode.swift; path = UserInfo.swift; sourceTree = "<group>"; };
		D65DF5502D80B70900A7EDD3 /* Preview Assets.xcassets */ = {isa = PBXFileReference; lastKnownFileType = folder.assetcatalog; path = "Preview Assets.xcassets"; sourceTree = "<group>"; };
		D65DF5522D80B70900A7EDD3 /* Assets.xcassets */ = {isa = PBXFileReference; lastKnownFileType = folder.assetcatalog; path = Assets.xcassets; sourceTree = "<group>"; };
		D65DF5542D80B70900A7EDD3 /* Info.plist */ = {isa = PBXFileReference; lastKnownFileType = text.plist.xml; path = Info.plist; sourceTree = "<group>"; };
		D65DF5552D80B70900A7EDD3 /* LoginView.swift */ = {isa = PBXFileReference; lastKnownFileType = sourcecode.swift; path = LoginView.swift; sourceTree = "<group>"; };
		D65DF5562D80B70900A7EDD3 /* LoginViewModel.swift */ = {isa = PBXFileReference; lastKnownFileType = sourcecode.swift; path = LoginViewModel.swift; sourceTree = "<group>"; };
		D65DF5662D80B70E00A7EDD3 /* LoginPracticeTests.swift */ = {isa = PBXFileReference; lastKnownFileType = sourcecode.swift; path = LoginPracticeTests.swift; sourceTree = "<group>"; };
		D65DF5692D80B71100A7EDD3 /* LoginPracticeUITests.swift */ = {isa = PBXFileReference; lastKnownFileType = sourcecode.swift; path = LoginPracticeUITests.swift; sourceTree = "<group>"; };
		D65DF56A2D80B71100A7EDD3 /* LoginPracticeUITestsLaunchTests.swift */ = {isa = PBXFileReference; lastKnownFileType = sourcecode.swift; path = LoginPracticeUITestsLaunchTests.swift; sourceTree = "<group>"; };
		D65DF56F2D80BC3F00A7EDD3 /* SocialLoginButton.swift */ = {isa = PBXFileReference; lastKnownFileType = sourcecode.swift; path = SocialLoginButton.swift; sourceTree = "<group>"; };
		D65DF5732D80DA5B00A7EDD3 /* UserInfoView.swift */ = {isa = PBXFileReference; lastKnownFileType = sourcecode.swift; path = UserInfoView.swift; sourceTree = "<group>"; };
/* End PBXFileReference section */

/* Begin PBXFrameworksBuildPhase section */
		D65DF40F2D7E073500A7EDD3 /* Frameworks */ = {
			isa = PBXFrameworksBuildPhase;
			buildActionMask = 2147483647;
			files = (
				D65DF53E2D80B32300A7EDD3 /* KakaoSDK in Frameworks */,
			);
			runOnlyForDeploymentPostprocessing = 0;
		};
		D65DF41F2D7E073600A7EDD3 /* Frameworks */ = {
			isa = PBXFrameworksBuildPhase;
			buildActionMask = 2147483647;
			files = (
			);
			runOnlyForDeploymentPostprocessing = 0;
		};
		D65DF4292D7E073600A7EDD3 /* Frameworks */ = {
			isa = PBXFrameworksBuildPhase;
			buildActionMask = 2147483647;
			files = (
			);
			runOnlyForDeploymentPostprocessing = 0;
		};
/* End PBXFrameworksBuildPhase section */

/* Begin PBXGroup section */
		D65DF4092D7E073500A7EDD3 = {
			isa = PBXGroup;
			children = (
				D65DF4B12D7F5F5000A7EDD3 /* Secrets.xcconfig */,
				D65DF5572D80B70900A7EDD3 /* LoginPractice */,
				D65DF5672D80B70E00A7EDD3 /* LoginPracticeTests */,
				D65DF56B2D80B71100A7EDD3 /* LoginPracticeUITests */,
				D65DF4132D7E073500A7EDD3 /* Products */,
			);
			sourceTree = "<group>";
		};
		D65DF4132D7E073500A7EDD3 /* Products */ = {
			isa = PBXGroup;
			children = (
				D65DF4122D7E073500A7EDD3 /* LoginPractice.app */,
				D65DF4222D7E073600A7EDD3 /* LoginPracticeTests.xctest */,
				D65DF42C2D7E073600A7EDD3 /* LoginPracticeUITests.xctest */,
			);
			name = Products;
			sourceTree = "<group>";
		};
		D65DF5432D80B70900A7EDD3 /* App */ = {
			isa = PBXGroup;
			children = (
				D65DF5422D80B70900A7EDD3 /* LoginPracticeApp.swift */,
			);
			path = App;
			sourceTree = "<group>";
		};
		D65DF5452D80B70900A7EDD3 /* Adapters */ = {
			isa = PBXGroup;
			children = (
				D65DF5442D80B70900A7EDD3 /* KakaoLoginAdapter.swift */,
			);
			path = Adapters;
			sourceTree = "<group>";
		};
		D65DF5482D80B70900A7EDD3 /* Auth */ = {
			isa = PBXGroup;
			children = (
				D65DF5462D80B70900A7EDD3 /* AuthManager.swift */,
				D65DF5472D80B70900A7EDD3 /* KeychainManager.swift */,
			);
			path = Auth;
			sourceTree = "<group>";
		};
		D65DF54A2D80B70900A7EDD3 /* Errors */ = {
			isa = PBXGroup;
			children = (
				D65DF5492D80B70900A7EDD3 /* AuthError.swift */,
			);
			path = Errors;
			sourceTree = "<group>";
		};
		D65DF54D2D80B70900A7EDD3 /* Core */ = {
			isa = PBXGroup;
			children = (
				D65DF5482D80B70900A7EDD3 /* Auth */,
				D65DF56E2D80B72B00A7EDD3 /* SocialLogin */,
				D65DF54A2D80B70900A7EDD3 /* Errors */,
			);
			path = Core;
			sourceTree = "<group>";
		};
		D65DF54F2D80B70900A7EDD3 /* Model */ = {
			isa = PBXGroup;
			children = (
				D65DF54E2D80B70900A7EDD3 /* UserInfo.swift */,
			);
			path = Model;
			sourceTree = "<group>";
		};
		D65DF5512D80B70900A7EDD3 /* Preview Content */ = {
			isa = PBXGroup;
			children = (
				D65DF5502D80B70900A7EDD3 /* Preview Assets.xcassets */,
			);
			path = "Preview Content";
			sourceTree = "<group>";
		};
		D65DF5572D80B70900A7EDD3 /* LoginPractice */ = {
			isa = PBXGroup;
			children = (
				D65DF5432D80B70900A7EDD3 /* App */,
				D65DF54F2D80B70900A7EDD3 /* Model */,
				D65DF54D2D80B70900A7EDD3 /* Core */,
				D65DF5512D80B70900A7EDD3 /* Preview Content */,
				D65DF5522D80B70900A7EDD3 /* Assets.xcassets */,
				D65DF5542D80B70900A7EDD3 /* Info.plist */,
				D65DF56F2D80BC3F00A7EDD3 /* SocialLoginButton.swift */,
				D65DF5552D80B70900A7EDD3 /* LoginView.swift */,
				D65DF5732D80DA5B00A7EDD3 /* UserInfoView.swift */,
				D65DF5562D80B70900A7EDD3 /* LoginViewModel.swift */,
			);
			path = LoginPractice;
			sourceTree = "<group>";
		};
		D65DF5672D80B70E00A7EDD3 /* LoginPracticeTests */ = {
			isa = PBXGroup;
			children = (
				D65DF5662D80B70E00A7EDD3 /* LoginPracticeTests.swift */,
			);
			path = LoginPracticeTests;
			sourceTree = "<group>";
		};
		D65DF56B2D80B71100A7EDD3 /* LoginPracticeUITests */ = {
			isa = PBXGroup;
			children = (
				D65DF5692D80B71100A7EDD3 /* LoginPracticeUITests.swift */,
				D65DF56A2D80B71100A7EDD3 /* LoginPracticeUITestsLaunchTests.swift */,
			);
			path = LoginPracticeUITests;
			sourceTree = "<group>";
		};
		D65DF56E2D80B72B00A7EDD3 /* SocialLogin */ = {
			isa = PBXGroup;
			children = (
				D65DF54C2D80B70900A7EDD3 /* SocialLoginType.swift */,
				D65DF54B2D80B70900A7EDD3 /* SocialLoginService.swift */,
				D65DF5452D80B70900A7EDD3 /* Adapters */,
			);
			path = SocialLogin;
			sourceTree = "<group>";
		};
/* End PBXGroup section */

/* Begin PBXNativeTarget section */
		D65DF4112D7E073500A7EDD3 /* LoginPractice */ = {
			isa = PBXNativeTarget;
			buildConfigurationList = D65DF4362D7E073600A7EDD3 /* Build configuration list for PBXNativeTarget "LoginPractice" */;
			buildPhases = (
				D65DF40E2D7E073500A7EDD3 /* Sources */,
				D65DF40F2D7E073500A7EDD3 /* Frameworks */,
				D65DF4102D7E073500A7EDD3 /* Resources */,
			);
			buildRules = (
			);
			dependencies = (
			);
			name = LoginPractice;
			packageProductDependencies = (
				D65DF53D2D80B32300A7EDD3 /* KakaoSDK */,
			);
			productName = LoginPractice;
			productReference = D65DF4122D7E073500A7EDD3 /* LoginPractice.app */;
			productType = "com.apple.product-type.application";
		};
		D65DF4212D7E073600A7EDD3 /* LoginPracticeTests */ = {
			isa = PBXNativeTarget;
			buildConfigurationList = D65DF4392D7E073600A7EDD3 /* Build configuration list for PBXNativeTarget "LoginPracticeTests" */;
			buildPhases = (
				D65DF41E2D7E073600A7EDD3 /* Sources */,
				D65DF41F2D7E073600A7EDD3 /* Frameworks */,
				D65DF4202D7E073600A7EDD3 /* Resources */,
			);
			buildRules = (
			);
			dependencies = (
				D65DF4242D7E073600A7EDD3 /* PBXTargetDependency */,
			);
			name = LoginPracticeTests;
			packageProductDependencies = (
			);
			productName = LoginPracticeTests;
			productReference = D65DF4222D7E073600A7EDD3 /* LoginPracticeTests.xctest */;
			productType = "com.apple.product-type.bundle.unit-test";
		};
		D65DF42B2D7E073600A7EDD3 /* LoginPracticeUITests */ = {
			isa = PBXNativeTarget;
			buildConfigurationList = D65DF43C2D7E073600A7EDD3 /* Build configuration list for PBXNativeTarget "LoginPracticeUITests" */;
			buildPhases = (
				D65DF4282D7E073600A7EDD3 /* Sources */,
				D65DF4292D7E073600A7EDD3 /* Frameworks */,
				D65DF42A2D7E073600A7EDD3 /* Resources */,
			);
			buildRules = (
			);
			dependencies = (
				D65DF42E2D7E073600A7EDD3 /* PBXTargetDependency */,
			);
			name = LoginPracticeUITests;
			packageProductDependencies = (
			);
			productName = LoginPracticeUITests;
			productReference = D65DF42C2D7E073600A7EDD3 /* LoginPracticeUITests.xctest */;
			productType = "com.apple.product-type.bundle.ui-testing";
		};
/* End PBXNativeTarget section */

/* Begin PBXProject section */
		D65DF40A2D7E073500A7EDD3 /* Project object */ = {
			isa = PBXProject;
			attributes = {
				BuildIndependentTargetsInParallel = 1;
				LastSwiftUpdateCheck = 1620;
				LastUpgradeCheck = 1620;
				TargetAttributes = {
					D65DF4112D7E073500A7EDD3 = {
						CreatedOnToolsVersion = 16.2;
					};
					D65DF4212D7E073600A7EDD3 = {
						CreatedOnToolsVersion = 16.2;
						TestTargetID = D65DF4112D7E073500A7EDD3;
					};
					D65DF42B2D7E073600A7EDD3 = {
						CreatedOnToolsVersion = 16.2;
						TestTargetID = D65DF4112D7E073500A7EDD3;
					};
				};
			};
			buildConfigurationList = D65DF40D2D7E073500A7EDD3 /* Build configuration list for PBXProject "LoginPractice" */;
			developmentRegion = en;
			hasScannedForEncodings = 0;
			knownRegions = (
				en,
				Base,
			);
			mainGroup = D65DF4092D7E073500A7EDD3;
			minimizedProjectReferenceProxies = 1;
			packageReferences = (
				D65DF53C2D80B32300A7EDD3 /* XCRemoteSwiftPackageReference "kakao-ios-sdk" */,
			);
			preferredProjectObjectVersion = 77;
			productRefGroup = D65DF4132D7E073500A7EDD3 /* Products */;
			projectDirPath = "";
			projectRoot = "";
			targets = (
				D65DF4112D7E073500A7EDD3 /* LoginPractice */,
				D65DF4212D7E073600A7EDD3 /* LoginPracticeTests */,
				D65DF42B2D7E073600A7EDD3 /* LoginPracticeUITests */,
			);
		};
/* End PBXProject section */

/* Begin PBXResourcesBuildPhase section */
		D65DF4102D7E073500A7EDD3 /* Resources */ = {
			isa = PBXResourcesBuildPhase;
			buildActionMask = 2147483647;
			files = (
				D65DF5582D80B70900A7EDD3 /* Preview Assets.xcassets in Resources */,
				D65DF5592D80B70900A7EDD3 /* Assets.xcassets in Resources */,
				D65DF4B22D7F5F5000A7EDD3 /* Secrets.xcconfig in Resources */,
			);
			runOnlyForDeploymentPostprocessing = 0;
		};
		D65DF4202D7E073600A7EDD3 /* Resources */ = {
			isa = PBXResourcesBuildPhase;
			buildActionMask = 2147483647;
			files = (
			);
			runOnlyForDeploymentPostprocessing = 0;
		};
		D65DF42A2D7E073600A7EDD3 /* Resources */ = {
			isa = PBXResourcesBuildPhase;
			buildActionMask = 2147483647;
			files = (
			);
			runOnlyForDeploymentPostprocessing = 0;
		};
/* End PBXResourcesBuildPhase section */

/* Begin PBXSourcesBuildPhase section */
		D65DF40E2D7E073500A7EDD3 /* Sources */ = {
			isa = PBXSourcesBuildPhase;
			buildActionMask = 2147483647;
			files = (
				D65DF55B2D80B70900A7EDD3 /* LoginPracticeApp.swift in Sources */,
				D65DF55C2D80B70900A7EDD3 /* KakaoLoginAdapter.swift in Sources */,
				D65DF55D2D80B70900A7EDD3 /* AuthManager.swift in Sources */,
				D65DF5742D80DA5B00A7EDD3 /* UserInfoView.swift in Sources */,
				D65DF55E2D80B70900A7EDD3 /* KeychainManager.swift in Sources */,
				D65DF55F2D80B70900A7EDD3 /* AuthError.swift in Sources */,
				D65DF5702D80BC3F00A7EDD3 /* SocialLoginButton.swift in Sources */,
				D65DF5602D80B70900A7EDD3 /* SocialLoginService.swift in Sources */,
				D65DF5612D80B70900A7EDD3 /* SocialLoginType.swift in Sources */,
				D65DF5622D80B70900A7EDD3 /* UserInfo.swift in Sources */,
				D65DF5642D80B70900A7EDD3 /* LoginView.swift in Sources */,
				D65DF5652D80B70900A7EDD3 /* LoginViewModel.swift in Sources */,
			);
			runOnlyForDeploymentPostprocessing = 0;
		};
		D65DF41E2D7E073600A7EDD3 /* Sources */ = {
			isa = PBXSourcesBuildPhase;
			buildActionMask = 2147483647;
			files = (
				D65DF5682D80B70E00A7EDD3 /* LoginPracticeTests.swift in Sources */,
			);
			runOnlyForDeploymentPostprocessing = 0;
		};
		D65DF4282D7E073600A7EDD3 /* Sources */ = {
			isa = PBXSourcesBuildPhase;
			buildActionMask = 2147483647;
			files = (
				D65DF56C2D80B71100A7EDD3 /* LoginPracticeUITests.swift in Sources */,
				D65DF56D2D80B71100A7EDD3 /* LoginPracticeUITestsLaunchTests.swift in Sources */,
			);
			runOnlyForDeploymentPostprocessing = 0;
		};
/* End PBXSourcesBuildPhase section */

/* Begin PBXTargetDependency section */
		D65DF4242D7E073600A7EDD3 /* PBXTargetDependency */ = {
			isa = PBXTargetDependency;
			target = D65DF4112D7E073500A7EDD3 /* LoginPractice */;
			targetProxy = D65DF4232D7E073600A7EDD3 /* PBXContainerItemProxy */;
		};
		D65DF42E2D7E073600A7EDD3 /* PBXTargetDependency */ = {
			isa = PBXTargetDependency;
			target = D65DF4112D7E073500A7EDD3 /* LoginPractice */;
			targetProxy = D65DF42D2D7E073600A7EDD3 /* PBXContainerItemProxy */;
		};
/* End PBXTargetDependency section */

/* Begin XCBuildConfiguration section */
		D65DF4342D7E073600A7EDD3 /* Debug */ = {
			isa = XCBuildConfiguration;
			baseConfigurationReference = D65DF4B12D7F5F5000A7EDD3 /* Secrets.xcconfig */;
			buildSettings = {
				ALWAYS_SEARCH_USER_PATHS = NO;
				ASSETCATALOG_COMPILER_GENERATE_SWIFT_ASSET_SYMBOL_EXTENSIONS = YES;
				CLANG_ANALYZER_NONNULL = YES;
				CLANG_ANALYZER_NUMBER_OBJECT_CONVERSION = YES_AGGRESSIVE;
				CLANG_CXX_LANGUAGE_STANDARD = "gnu++20";
				CLANG_ENABLE_MODULES = YES;
				CLANG_ENABLE_OBJC_ARC = YES;
				CLANG_ENABLE_OBJC_WEAK = YES;
				CLANG_WARN_BLOCK_CAPTURE_AUTORELEASING = YES;
				CLANG_WARN_BOOL_CONVERSION = YES;
				CLANG_WARN_COMMA = YES;
				CLANG_WARN_CONSTANT_CONVERSION = YES;
				CLANG_WARN_DEPRECATED_OBJC_IMPLEMENTATIONS = YES;
				CLANG_WARN_DIRECT_OBJC_ISA_USAGE = YES_ERROR;
				CLANG_WARN_DOCUMENTATION_COMMENTS = YES;
				CLANG_WARN_EMPTY_BODY = YES;
				CLANG_WARN_ENUM_CONVERSION = YES;
				CLANG_WARN_INFINITE_RECURSION = YES;
				CLANG_WARN_INT_CONVERSION = YES;
				CLANG_WARN_NON_LITERAL_NULL_CONVERSION = YES;
				CLANG_WARN_OBJC_IMPLICIT_RETAIN_SELF = YES;
				CLANG_WARN_OBJC_LITERAL_CONVERSION = YES;
				CLANG_WARN_OBJC_ROOT_CLASS = YES_ERROR;
				CLANG_WARN_QUOTED_INCLUDE_IN_FRAMEWORK_HEADER = YES;
				CLANG_WARN_RANGE_LOOP_ANALYSIS = YES;
				CLANG_WARN_STRICT_PROTOTYPES = YES;
				CLANG_WARN_SUSPICIOUS_MOVE = YES;
				CLANG_WARN_UNGUARDED_AVAILABILITY = YES_AGGRESSIVE;
				CLANG_WARN_UNREACHABLE_CODE = YES;
				CLANG_WARN__DUPLICATE_METHOD_MATCH = YES;
				COPY_PHASE_STRIP = NO;
				DEBUG_INFORMATION_FORMAT = dwarf;
				ENABLE_STRICT_OBJC_MSGSEND = YES;
				ENABLE_TESTABILITY = YES;
				ENABLE_USER_SCRIPT_SANDBOXING = YES;
				GCC_C_LANGUAGE_STANDARD = gnu17;
				GCC_DYNAMIC_NO_PIC = NO;
				GCC_NO_COMMON_BLOCKS = YES;
				GCC_OPTIMIZATION_LEVEL = 0;
				GCC_PREPROCESSOR_DEFINITIONS = (
					"DEBUG=1",
					"$(inherited)",
				);
				GCC_WARN_64_TO_32_BIT_CONVERSION = YES;
				GCC_WARN_ABOUT_RETURN_TYPE = YES_ERROR;
				GCC_WARN_UNDECLARED_SELECTOR = YES;
				GCC_WARN_UNINITIALIZED_AUTOS = YES_AGGRESSIVE;
				GCC_WARN_UNUSED_FUNCTION = YES;
				GCC_WARN_UNUSED_VARIABLE = YES;
				IPHONEOS_DEPLOYMENT_TARGET = 18.2;
				LOCALIZATION_PREFERS_STRING_CATALOGS = YES;
				MTL_ENABLE_DEBUG_INFO = INCLUDE_SOURCE;
				MTL_FAST_MATH = YES;
				ONLY_ACTIVE_ARCH = YES;
				SDKROOT = iphoneos;
				SWIFT_ACTIVE_COMPILATION_CONDITIONS = "DEBUG $(inherited)";
				SWIFT_OPTIMIZATION_LEVEL = "-Onone";
			};
			name = Debug;
		};
		D65DF4352D7E073600A7EDD3 /* Release */ = {
			isa = XCBuildConfiguration;
			baseConfigurationReference = D65DF4B12D7F5F5000A7EDD3 /* Secrets.xcconfig */;
			buildSettings = {
				ALWAYS_SEARCH_USER_PATHS = NO;
				ASSETCATALOG_COMPILER_GENERATE_SWIFT_ASSET_SYMBOL_EXTENSIONS = YES;
				CLANG_ANALYZER_NONNULL = YES;
				CLANG_ANALYZER_NUMBER_OBJECT_CONVERSION = YES_AGGRESSIVE;
				CLANG_CXX_LANGUAGE_STANDARD = "gnu++20";
				CLANG_ENABLE_MODULES = YES;
				CLANG_ENABLE_OBJC_ARC = YES;
				CLANG_ENABLE_OBJC_WEAK = YES;
				CLANG_WARN_BLOCK_CAPTURE_AUTORELEASING = YES;
				CLANG_WARN_BOOL_CONVERSION = YES;
				CLANG_WARN_COMMA = YES;
				CLANG_WARN_CONSTANT_CONVERSION = YES;
				CLANG_WARN_DEPRECATED_OBJC_IMPLEMENTATIONS = YES;
				CLANG_WARN_DIRECT_OBJC_ISA_USAGE = YES_ERROR;
				CLANG_WARN_DOCUMENTATION_COMMENTS = YES;
				CLANG_WARN_EMPTY_BODY = YES;
				CLANG_WARN_ENUM_CONVERSION = YES;
				CLANG_WARN_INFINITE_RECURSION = YES;
				CLANG_WARN_INT_CONVERSION = YES;
				CLANG_WARN_NON_LITERAL_NULL_CONVERSION = YES;
				CLANG_WARN_OBJC_IMPLICIT_RETAIN_SELF = YES;
				CLANG_WARN_OBJC_LITERAL_CONVERSION = YES;
				CLANG_WARN_OBJC_ROOT_CLASS = YES_ERROR;
				CLANG_WARN_QUOTED_INCLUDE_IN_FRAMEWORK_HEADER = YES;
				CLANG_WARN_RANGE_LOOP_ANALYSIS = YES;
				CLANG_WARN_STRICT_PROTOTYPES = YES;
				CLANG_WARN_SUSPICIOUS_MOVE = YES;
				CLANG_WARN_UNGUARDED_AVAILABILITY = YES_AGGRESSIVE;
				CLANG_WARN_UNREACHABLE_CODE = YES;
				CLANG_WARN__DUPLICATE_METHOD_MATCH = YES;
				COPY_PHASE_STRIP = NO;
				DEBUG_INFORMATION_FORMAT = "dwarf-with-dsym";
				ENABLE_NS_ASSERTIONS = NO;
				ENABLE_STRICT_OBJC_MSGSEND = YES;
				ENABLE_USER_SCRIPT_SANDBOXING = YES;
				GCC_C_LANGUAGE_STANDARD = gnu17;
				GCC_NO_COMMON_BLOCKS = YES;
				GCC_WARN_64_TO_32_BIT_CONVERSION = YES;
				GCC_WARN_ABOUT_RETURN_TYPE = YES_ERROR;
				GCC_WARN_UNDECLARED_SELECTOR = YES;
				GCC_WARN_UNINITIALIZED_AUTOS = YES_AGGRESSIVE;
				GCC_WARN_UNUSED_FUNCTION = YES;
				GCC_WARN_UNUSED_VARIABLE = YES;
				IPHONEOS_DEPLOYMENT_TARGET = 18.2;
				LOCALIZATION_PREFERS_STRING_CATALOGS = YES;
				MTL_ENABLE_DEBUG_INFO = NO;
				MTL_FAST_MATH = YES;
				SDKROOT = iphoneos;
				SWIFT_COMPILATION_MODE = wholemodule;
				VALIDATE_PRODUCT = YES;
			};
			name = Release;
		};
		D65DF4372D7E073600A7EDD3 /* Debug */ = {
			isa = XCBuildConfiguration;
			buildSettings = {
				ASSETCATALOG_COMPILER_APPICON_NAME = AppIcon;
				ASSETCATALOG_COMPILER_GLOBAL_ACCENT_COLOR_NAME = AccentColor;
				CODE_SIGN_STYLE = Automatic;
				CURRENT_PROJECT_VERSION = 1;
				DEVELOPMENT_ASSET_PATHS = "\"LoginPractice/Preview Content\"";
				DEVELOPMENT_TEAM = MVHA5LVM49;
				ENABLE_PREVIEWS = YES;
				GENERATE_INFOPLIST_FILE = YES;
				INFOPLIST_FILE = LoginPractice/Info.plist;
				INFOPLIST_KEY_UIApplicationSceneManifest_Generation = YES;
				INFOPLIST_KEY_UIApplicationSupportsIndirectInputEvents = YES;
				INFOPLIST_KEY_UILaunchScreen_Generation = YES;
				INFOPLIST_KEY_UISupportedInterfaceOrientations_iPad = "UIInterfaceOrientationPortrait UIInterfaceOrientationPortraitUpsideDown UIInterfaceOrientationLandscapeLeft UIInterfaceOrientationLandscapeRight";
				INFOPLIST_KEY_UISupportedInterfaceOrientations_iPhone = "UIInterfaceOrientationPortrait UIInterfaceOrientationLandscapeLeft UIInterfaceOrientationLandscapeRight";
				IPHONEOS_DEPLOYMENT_TARGET = 17.5;
				LD_RUNPATH_SEARCH_PATHS = (
					"$(inherited)",
					"@executable_path/Frameworks",
				);
				MARKETING_VERSION = 1.0;
				PRODUCT_BUNDLE_IDENTIFIER = io.hogeunjo.LoginPractice;
				PRODUCT_NAME = "$(TARGET_NAME)";
				SWIFT_EMIT_LOC_STRINGS = YES;
				SWIFT_VERSION = 5.0;
				TARGETED_DEVICE_FAMILY = "1,2";
			};
			name = Debug;
		};
		D65DF4382D7E073600A7EDD3 /* Release */ = {
			isa = XCBuildConfiguration;
			buildSettings = {
				ASSETCATALOG_COMPILER_APPICON_NAME = AppIcon;
				ASSETCATALOG_COMPILER_GLOBAL_ACCENT_COLOR_NAME = AccentColor;
				CODE_SIGN_STYLE = Automatic;
				CURRENT_PROJECT_VERSION = 1;
				DEVELOPMENT_ASSET_PATHS = "\"LoginPractice/Preview Content\"";
				DEVELOPMENT_TEAM = MVHA5LVM49;
				ENABLE_PREVIEWS = YES;
				GENERATE_INFOPLIST_FILE = YES;
				INFOPLIST_FILE = LoginPractice/Info.plist;
				INFOPLIST_KEY_UIApplicationSceneManifest_Generation = YES;
				INFOPLIST_KEY_UIApplicationSupportsIndirectInputEvents = YES;
				INFOPLIST_KEY_UILaunchScreen_Generation = YES;
				INFOPLIST_KEY_UISupportedInterfaceOrientations_iPad = "UIInterfaceOrientationPortrait UIInterfaceOrientationPortraitUpsideDown UIInterfaceOrientationLandscapeLeft UIInterfaceOrientationLandscapeRight";
				INFOPLIST_KEY_UISupportedInterfaceOrientations_iPhone = "UIInterfaceOrientationPortrait UIInterfaceOrientationLandscapeLeft UIInterfaceOrientationLandscapeRight";
				IPHONEOS_DEPLOYMENT_TARGET = 17.5;
				LD_RUNPATH_SEARCH_PATHS = (
					"$(inherited)",
					"@executable_path/Frameworks",
				);
				MARKETING_VERSION = 1.0;
				PRODUCT_BUNDLE_IDENTIFIER = io.hogeunjo.LoginPractice;
				PRODUCT_NAME = "$(TARGET_NAME)";
				SWIFT_EMIT_LOC_STRINGS = YES;
				SWIFT_VERSION = 5.0;
				TARGETED_DEVICE_FAMILY = "1,2";
			};
			name = Release;
		};
		D65DF43A2D7E073600A7EDD3 /* Debug */ = {
			isa = XCBuildConfiguration;
			buildSettings = {
				BUNDLE_LOADER = "$(TEST_HOST)";
				CODE_SIGN_STYLE = Automatic;
				CURRENT_PROJECT_VERSION = 1;
				GENERATE_INFOPLIST_FILE = YES;
				IPHONEOS_DEPLOYMENT_TARGET = 18.2;
				MARKETING_VERSION = 1.0;
				PRODUCT_BUNDLE_IDENTIFIER = io.hogeunjo.LoginPracticeTests;
				PRODUCT_NAME = "$(TARGET_NAME)";
				SWIFT_EMIT_LOC_STRINGS = NO;
				SWIFT_VERSION = 5.0;
				TARGETED_DEVICE_FAMILY = "1,2";
				TEST_HOST = "$(BUILT_PRODUCTS_DIR)/LoginPractice.app/$(BUNDLE_EXECUTABLE_FOLDER_PATH)/LoginPractice";
			};
			name = Debug;
		};
		D65DF43B2D7E073600A7EDD3 /* Release */ = {
			isa = XCBuildConfiguration;
			buildSettings = {
				BUNDLE_LOADER = "$(TEST_HOST)";
				CODE_SIGN_STYLE = Automatic;
				CURRENT_PROJECT_VERSION = 1;
				GENERATE_INFOPLIST_FILE = YES;
				IPHONEOS_DEPLOYMENT_TARGET = 18.2;
				MARKETING_VERSION = 1.0;
				PRODUCT_BUNDLE_IDENTIFIER = io.hogeunjo.LoginPracticeTests;
				PRODUCT_NAME = "$(TARGET_NAME)";
				SWIFT_EMIT_LOC_STRINGS = NO;
				SWIFT_VERSION = 5.0;
				TARGETED_DEVICE_FAMILY = "1,2";
				TEST_HOST = "$(BUILT_PRODUCTS_DIR)/LoginPractice.app/$(BUNDLE_EXECUTABLE_FOLDER_PATH)/LoginPractice";
			};
			name = Release;
		};
		D65DF43D2D7E073600A7EDD3 /* Debug */ = {
			isa = XCBuildConfiguration;
			buildSettings = {
				CODE_SIGN_STYLE = Automatic;
				CURRENT_PROJECT_VERSION = 1;
				GENERATE_INFOPLIST_FILE = YES;
				MARKETING_VERSION = 1.0;
				PRODUCT_BUNDLE_IDENTIFIER = io.hogeunjo.LoginPracticeUITests;
				PRODUCT_NAME = "$(TARGET_NAME)";
				SWIFT_EMIT_LOC_STRINGS = NO;
				SWIFT_VERSION = 5.0;
				TARGETED_DEVICE_FAMILY = "1,2";
				TEST_TARGET_NAME = LoginPractice;
			};
			name = Debug;
		};
		D65DF43E2D7E073600A7EDD3 /* Release */ = {
			isa = XCBuildConfiguration;
			buildSettings = {
				CODE_SIGN_STYLE = Automatic;
				CURRENT_PROJECT_VERSION = 1;
				GENERATE_INFOPLIST_FILE = YES;
				MARKETING_VERSION = 1.0;
				PRODUCT_BUNDLE_IDENTIFIER = io.hogeunjo.LoginPracticeUITests;
				PRODUCT_NAME = "$(TARGET_NAME)";
				SWIFT_EMIT_LOC_STRINGS = NO;
				SWIFT_VERSION = 5.0;
				TARGETED_DEVICE_FAMILY = "1,2";
				TEST_TARGET_NAME = LoginPractice;
			};
			name = Release;
		};
/* End XCBuildConfiguration section */

/* Begin XCConfigurationList section */
		D65DF40D2D7E073500A7EDD3 /* Build configuration list for PBXProject "LoginPractice" */ = {
			isa = XCConfigurationList;
			buildConfigurations = (
				D65DF4342D7E073600A7EDD3 /* Debug */,
				D65DF4352D7E073600A7EDD3 /* Release */,
			);
			defaultConfigurationIsVisible = 0;
			defaultConfigurationName = Release;
		};
		D65DF4362D7E073600A7EDD3 /* Build configuration list for PBXNativeTarget "LoginPractice" */ = {
			isa = XCConfigurationList;
			buildConfigurations = (
				D65DF4372D7E073600A7EDD3 /* Debug */,
				D65DF4382D7E073600A7EDD3 /* Release */,
			);
			defaultConfigurationIsVisible = 0;
			defaultConfigurationName = Release;
		};
		D65DF4392D7E073600A7EDD3 /* Build configuration list for PBXNativeTarget "LoginPracticeTests" */ = {
			isa = XCConfigurationList;
			buildConfigurations = (
				D65DF43A2D7E073600A7EDD3 /* Debug */,
				D65DF43B2D7E073600A7EDD3 /* Release */,
			);
			defaultConfigurationIsVisible = 0;
			defaultConfigurationName = Release;
		};
		D65DF43C2D7E073600A7EDD3 /* Build configuration list for PBXNativeTarget "LoginPracticeUITests" */ = {
			isa = XCConfigurationList;
			buildConfigurations = (
				D65DF43D2D7E073600A7EDD3 /* Debug */,
				D65DF43E2D7E073600A7EDD3 /* Release */,
			);
			defaultConfigurationIsVisible = 0;
			defaultConfigurationName = Release;
		};
/* End XCConfigurationList section */

/* Begin XCRemoteSwiftPackageReference section */
		D65DF53C2D80B32300A7EDD3 /* XCRemoteSwiftPackageReference "kakao-ios-sdk" */ = {
			isa = XCRemoteSwiftPackageReference;
			repositoryURL = "https://github.com/kakao/kakao-ios-sdk";
			requirement = {
				branch = master;
				kind = branch;
			};
		};
/* End XCRemoteSwiftPackageReference section */

/* Begin XCSwiftPackageProductDependency section */
		D65DF53D2D80B32300A7EDD3 /* KakaoSDK */ = {
			isa = XCSwiftPackageProductDependency;
			package = D65DF53C2D80B32300A7EDD3 /* XCRemoteSwiftPackageReference "kakao-ios-sdk" */;
			productName = KakaoSDK;
		};
/* End XCSwiftPackageProductDependency section */
	};
	rootObject = D65DF40A2D7E073500A7EDD3 /* Project object */;
}
